{
    "_readme": [
        "This file locks the dependencies of your project to a known state",
        "Read more about it at https://getcomposer.org/doc/01-basic-usage.md#composer-lock-the-lock-file",
        "This file is @generated automatically"
    ],
    "hash": "eb23d97ef6fae24045a5a1f0a56a484a",
    "packages": [
        {
            "name": "dc/ioc",
            "version": "0.1.4",
            "source": {
                "type": "git",
                "url": "https://github.com/digitalcreations/ioc.git",
                "reference": "89efc42e6d0207311d4313180d11d75d3cdd73b0"
            },
            "dist": {
                "type": "zip",
                "url": "http://packagist.phpcomposer.com/files/digitalcreations/ioc/89efc42e6d0207311d4313180d11d75d3cdd73b0.zip",
                "reference": "89efc42e6d0207311d4313180d11d75d3cdd73b0",
                "shasum": ""
            },
            "require-dev": {
                "phpunit/phpunit": "4.0.*"
            },
            "type": "library",
            "autoload": {
                "psr-4": {
                    "DC\\IoC\\": "src/IoC"
                }
            },
            "notification-url": "https://packagist.org/downloads/",
            "license": [
                "MIT"
            ],
            "authors": [
                {
                    "name": "Digital Creations AS",
                    "homepage": "http://www.digitalcreations.no",
                    "role": "Company"
                },
                {
                    "name": "Vegard Andreas Larsen",
                    "homepage": "http://vega.rd.no",
                    "role": "Developer"
                }
            ],
            "description": "Simple IoC container",
            "homepage": "http://github.com/digitalcreations/ioc",
            "keywords": [
                "dependency injection",
                "di",
                "inversion of control",
                "ioc"
            ],
            "time": "2015-06-16 11:00:40"
        }
    ],
    "packages-dev": [],
    "aliases": [],
    "minimum-stability": "dev",
    "stability-flags": [],
    "prefer-stable": false,
    "prefer-lowest": false,
    "platform": [],
    "platform-dev": []
}
